// !$*UTF8*$!
{
	archiveVersion = 1;
	classes = {
	};
	objectVersion = 50;
	objects = {

/* Begin PBXBuildFile section */
		4C4AF15C24A8DBEF0038C2CE /* UserDetail.swift in Sources */ = {isa = PBXBuildFile; fileRef = 4C4AF15B24A8DBEF0038C2CE /* UserDetail.swift */; };
		4CD41A0F24A8CDC6007239CF /* AppDelegate.swift in Sources */ = {isa = PBXBuildFile; fileRef = 4CD41A0E24A8CDC6007239CF /* AppDelegate.swift */; };
		4CD41A1124A8CDC6007239CF /* SceneDelegate.swift in Sources */ = {isa = PBXBuildFile; fileRef = 4CD41A1024A8CDC6007239CF /* SceneDelegate.swift */; };
		4CD41A1324A8CDC6007239CF /* ContentView.swift in Sources */ = {isa = PBXBuildFile; fileRef = 4CD41A1224A8CDC6007239CF /* ContentView.swift */; };
		4CD41A1524A8CDC8007239CF /* Assets.xcassets in Resources */ = {isa = PBXBuildFile; fileRef = 4CD41A1424A8CDC8007239CF /* Assets.xcassets */; };
		4CD41A1824A8CDC8007239CF /* Preview Assets.xcassets in Resources */ = {isa = PBXBuildFile; fileRef = 4CD41A1724A8CDC8007239CF /* Preview Assets.xcassets */; };
		4CD41A1B24A8CDC8007239CF /* LaunchScreen.storyboard in Resources */ = {isa = PBXBuildFile; fileRef = 4CD41A1924A8CDC8007239CF /* LaunchScreen.storyboard */; };
		4CD41A2524A8CE38007239CF /* User.swift in Sources */ = {isa = PBXBuildFile; fileRef = 4CD41A2424A8CE38007239CF /* User.swift */; };
		4CD41A2724A8CE44007239CF /* Friend.swift in Sources */ = {isa = PBXBuildFile; fileRef = 4CD41A2624A8CE44007239CF /* Friend.swift */; };
/* End PBXBuildFile section */

/* Begin PBXFileReference section */
		4C4AF15B24A8DBEF0038C2CE /* UserDetail.swift */ = {isa = PBXFileReference; lastKnownFileType = sourcecode.swift; path = UserDetail.swift; sourceTree = "<group>"; };
		4CD41A0B24A8CDC6007239CF /* FriendFace.app */ = {isa = PBXFileReference; explicitFileType = wrapper.application; includeInIndex = 0; path = FriendFace.app; sourceTree = BUILT_PRODUCTS_DIR; };
		4CD41A0E24A8CDC6007239CF /* AppDelegate.swift */ = {isa = PBXFileReference; lastKnownFileType = sourcecode.swift; path = AppDelegate.swift; sourceTree = "<group>"; };
		4CD41A1024A8CDC6007239CF /* SceneDelegate.swift */ = {isa = PBXFileReference; lastKnownFileType = sourcecode.swift; path = SceneDelegate.swift; sourceTree = "<group>"; };
		4CD41A1224A8CDC6007239CF /* ContentView.swift */ = {isa = PBXFileReference; lastKnownFileType = sourcecode.swift; path = ContentView.swift; sourceTree = "<group>"; };
		4CD41A1424A8CDC8007239CF /* Assets.xcassets */ = {isa = PBXFileReference; lastKnownFileType = folder.assetcatalog; path = Assets.xcassets; sourceTree = "<group>"; };
		4CD41A1724A8CDC8007239CF /* Preview Assets.xcassets */ = {isa = PBXFileReference; lastKnownFileType = folder.assetcatalog; path = "Preview Assets.xcassets"; sourceTree = "<group>"; };
		4CD41A1A24A8CDC8007239CF /* Base */ = {isa = PBXFileReference; lastKnownFileType = file.storyboard; name = Base; path = Base.lproj/LaunchScreen.storyboard; sourceTree = "<group>"; };
		4CD41A1C24A8CDC8007239CF /* Info.plist */ = {isa = PBXFileReference; lastKnownFileType = text.plist.xml; path = Info.plist; sourceTree = "<group>"; };
		4CD41A2424A8CE38007239CF /* User.swift */ = {isa = PBXFileReference; lastKnownFileType = sourcecode.swift; path = User.swift; sourceTree = "<group>"; };
		4CD41A2624A8CE44007239CF /* Friend.swift */ = {isa = PBXFileReference; lastKnownFileType = sourcecode.swift; path = Friend.swift; sourceTree = "<group>"; };
/* End PBXFileReference section */

/* Begin PBXFrameworksBuildPhase section */
		4CD41A0824A8CDC6007239CF /* Frameworks */ = {
			isa = PBXFrameworksBuildPhase;
			buildActionMask = 2147483647;
			files = (
			);
			runOnlyForDeploymentPostprocessing = 0;
		};
/* End PBXFrameworksBuildPhase section */

/* Begin PBXGroup section */
		4CD41A0224A8CDC6007239CF = {
			isa = PBXGroup;
			children = (
				4CD41A0D24A8CDC6007239CF /* FriendFace */,
				4CD41A0C24A8CDC6007239CF /* Products */,
			);
			sourceTree = "<group>";
		};
		4CD41A0C24A8CDC6007239CF /* Products */ = {
			isa = PBXGroup;
			children = (
				4CD41A0B24A8CDC6007239CF /* FriendFace.app */,
			);
			name = Products;
			sourceTree = "<group>";
		};
		4CD41A0D24A8CDC6007239CF /* FriendFace */ = {
			isa = PBXGroup;
			children = (
				4CD41A0E24A8CDC6007239CF /* AppDelegate.swift */,
				4CD41A1024A8CDC6007239CF /* SceneDelegate.swift */,
				4CD41A2324A8CE1D007239CF /* Views */,
				4CD41A2224A8CE0F007239CF /* Models */,
				4CD41A1424A8CDC8007239CF /* Assets.xcassets */,
				4CD41A1924A8CDC8007239CF /* LaunchScreen.storyboard */,
				4CD41A1C24A8CDC8007239CF /* Info.plist */,
				4CD41A1624A8CDC8007239CF /* Preview Content */,
			);
			path = FriendFace;
			sourceTree = "<group>";
		};
		4CD41A1624A8CDC8007239CF /* Preview Content */ = {
			isa = PBXGroup;
			children = (
				4CD41A1724A8CDC8007239CF /* Preview Assets.xcassets */,
			);
			path = "Preview Content";
			sourceTree = "<group>";
		};
		4CD41A2224A8CE0F007239CF /* Models */ = {
			isa = PBXGroup;
			children = (
				4CD41A2424A8CE38007239CF /* User.swift */,
				4CD41A2624A8CE44007239CF /* Friend.swift */,
			);
			path = Models;
			sourceTree = "<group>";
		};
		4CD41A2324A8CE1D007239CF /* Views */ = {
			isa = PBXGroup;
			children = (
				4CD41A1224A8CDC6007239CF /* ContentView.swift */,
				4C4AF15B24A8DBEF0038C2CE /* UserDetail.swift */,
			);
			path = Views;
			sourceTree = "<group>";
		};
/* End PBXGroup section */

/* Begin PBXNativeTarget section */
		4CD41A0A24A8CDC6007239CF /* FriendFace */ = {
			isa = PBXNativeTarget;
			buildConfigurationList = 4CD41A1F24A8CDC8007239CF /* Build configuration list for PBXNativeTarget "FriendFace" */;
			buildPhases = (
				4CD41A0724A8CDC6007239CF /* Sources */,
				4CD41A0824A8CDC6007239CF /* Frameworks */,
				4CD41A0924A8CDC6007239CF /* Resources */,
			);
			buildRules = (
			);
			dependencies = (
			);
			name = FriendFace;
			productName = FriendFace;
			productReference = 4CD41A0B24A8CDC6007239CF /* FriendFace.app */;
			productType = "com.apple.product-type.application";
		};
/* End PBXNativeTarget section */

/* Begin PBXProject section */
		4CD41A0324A8CDC6007239CF /* Project object */ = {
			isa = PBXProject;
			attributes = {
				LastSwiftUpdateCheck = 1150;
				LastUpgradeCheck = 1150;
				ORGANIZATIONNAME = "Michael Brünen";
				TargetAttributes = {
					4CD41A0A24A8CDC6007239CF = {
						CreatedOnToolsVersion = 11.5;
					};
				};
			};
			buildConfigurationList = 4CD41A0624A8CDC6007239CF /* Build configuration list for PBXProject "FriendFace" */;
			compatibilityVersion = "Xcode 9.3";
			developmentRegion = en;
			hasScannedForEncodings = 0;
			knownRegions = (
				en,
				Base,
			);
			mainGroup = 4CD41A0224A8CDC6007239CF;
			productRefGroup = 4CD41A0C24A8CDC6007239CF /* Products */;
			projectDirPath = "";
			projectRoot = "";
			targets = (
				4CD41A0A24A8CDC6007239CF /* FriendFace */,
			);
		};
/* End PBXProject section */

/* Begin PBXResourcesBuildPhase section */
		4CD41A0924A8CDC6007239CF /* Resources */ = {
			isa = PBXResourcesBuildPhase;
			buildActionMask = 2147483647;
			files = (
				4CD41A1B24A8CDC8007239CF /* LaunchScreen.storyboard in Resources */,
				4CD41A1824A8CDC8007239CF /* Preview Assets.xcassets in Resources */,
				4CD41A1524A8CDC8007239CF /* Assets.xcassets in Resources */,
			);
			runOnlyForDeploymentPostprocessing = 0;
		};
/* End PBXResourcesBuildPhase section */

/* Begin PBXSourcesBuildPhase section */
		4CD41A0724A8CDC6007239CF /* Sources */ = {
			isa = PBXSourcesBuildPhase;
			buildActionMask = 2147483647;
			files = (
				4CD41A2524A8CE38007239CF /* User.swift in Sources */,
				4C4AF15C24A8DBEF0038C2CE /* UserDetail.swift in Sources */,
				4CD41A0F24A8CDC6007239CF /* AppDelegate.swift in Sources */,
				4CD41A2724A8CE44007239CF /* Friend.swift in Sources */,
				4CD41A1124A8CDC6007239CF /* SceneDelegate.swift in Sources */,
				4CD41A1324A8CDC6007239CF /* ContentView.swift in Sources */,
			);
			runOnlyForDeploymentPostprocessing = 0;
		};
/* End PBXSourcesBuildPhase section */

/* Begin PBXVariantGroup section */
		4CD41A1924A8CDC8007239CF /* LaunchScreen.storyboard */ = {
			isa = PBXVariantGroup;
			children = (
				4CD41A1A24A8CDC8007239CF /* Base */,
			);
			name = LaunchScreen.storyboard;
			sourceTree = "<group>";
		};
/* End PBXVariantGroup section */

/* Begin XCBuildConfiguration section */
		4CD41A1D24A8CDC8007239CF /* Debug */ = {
			isa = XCBuildConfiguration;
			buildSettings = {
				ALWAYS_SEARCH_USER_PATHS = NO;
				CLANG_ANALYZER_NONNULL = YES;
				CLANG_ANALYZER_NUMBER_OBJECT_CONVERSION = YES_AGGRESSIVE;
				CLANG_CXX_LANGUAGE_STANDARD = "gnu++14";
				CLANG_CXX_LIBRARY = "libc++";
				CLANG_ENABLE_MODULES = YES;
				CLANG_ENABLE_OBJC_ARC = YES;
				CLANG_ENABLE_OBJC_WEAK = YES;
				CLANG_WARN_BLOCK_CAPTURE_AUTORELEASING = YES;
				CLANG_WARN_BOOL_CONVERSION = YES;
				CLANG_WARN_COMMA = YES;
				CLANG_WARN_CONSTANT_CONVERSION = YES;
				CLANG_WARN_DEPRECATED_OBJC_IMPLEMENTATIONS = YES;
				CLANG_WARN_DIRECT_OBJC_ISA_USAGE = YES_ERROR;
				CLANG_WARN_DOCUMENTATION_COMMENTS = YES;
				CLANG_WARN_EMPTY_BODY = YES;
				CLANG_WARN_ENUM_CONVERSION = YES;
				CLANG_WARN_INFINITE_RECURSION = YES;
				CLANG_WARN_INT_CONVERSION = YES;
				CLANG_WARN_NON_LITERAL_NULL_CONVERSION = YES;
				CLANG_WARN_OBJC_IMPLICIT_RETAIN_SELF = YES;
				CLANG_WARN_OBJC_LITERAL_CONVERSION = YES;
				CLANG_WARN_OBJC_ROOT_CLASS = YES_ERROR;
				CLANG_WARN_RANGE_LOOP_ANALYSIS = YES;
				CLANG_WARN_STRICT_PROTOTYPES = YES;
				CLANG_WARN_SUSPICIOUS_MOVE = YES;
				CLANG_WARN_UNGUARDED_AVAILABILITY = YES_AGGRESSIVE;
				CLANG_WARN_UNREACHABLE_CODE = YES;
				CLANG_WARN__DUPLICATE_METHOD_MATCH = YES;
				COPY_PHASE_STRIP = NO;
				DEBUG_INFORMATION_FORMAT = dwarf;
				ENABLE_STRICT_OBJC_MSGSEND = YES;
				ENABLE_TESTABILITY = YES;
				GCC_C_LANGUAGE_STANDARD = gnu11;
				GCC_DYNAMIC_NO_PIC = NO;
				GCC_NO_COMMON_BLOCKS = YES;
				GCC_OPTIMIZATION_LEVEL = 0;
				GCC_PREPROCESSOR_DEFINITIONS = (
					"DEBUG=1",
					"$(inherited)",
				);
				GCC_WARN_64_TO_32_BIT_CONVERSION = YES;
				GCC_WARN_ABOUT_RETURN_TYPE = YES_ERROR;
				GCC_WARN_UNDECLARED_SELECTOR = YES;
				GCC_WARN_UNINITIALIZED_AUTOS = YES_AGGRESSIVE;
				GCC_WARN_UNUSED_FUNCTION = YES;
				GCC_WARN_UNUSED_VARIABLE = YES;
				IPHONEOS_DEPLOYMENT_TARGET = 13.5;
				MTL_ENABLE_DEBUG_INFO = INCLUDE_SOURCE;
				MTL_FAST_MATH = YES;
				ONLY_ACTIVE_ARCH = YES;
				SDKROOT = iphoneos;
				SWIFT_ACTIVE_COMPILATION_CONDITIONS = DEBUG;
				SWIFT_OPTIMIZATION_LEVEL = "-Onone";
			};
			name = Debug;
		};
		4CD41A1E24A8CDC8007239CF /* Release */ = {
			isa = XCBuildConfiguration;
			buildSettings = {
				ALWAYS_SEARCH_USER_PATHS = NO;
				CLANG_ANALYZER_NONNULL = YES;
				CLANG_ANALYZER_NUMBER_OBJECT_CONVERSION = YES_AGGRESSIVE;
				CLANG_CXX_LANGUAGE_STANDARD = "gnu++14";
				CLANG_CXX_LIBRARY = "libc++";
				CLANG_ENABLE_MODULES = YES;
				CLANG_ENABLE_OBJC_ARC = YES;
				CLANG_ENABLE_OBJC_WEAK = YES;
				CLANG_WARN_BLOCK_CAPTURE_AUTORELEASING = YES;
				CLANG_WARN_BOOL_CONVERSION = YES;
				CLANG_WARN_COMMA = YES;
				CLANG_WARN_CONSTANT_CONVERSION = YES;
				CLANG_WARN_DEPRECATED_OBJC_IMPLEMENTATIONS = YES;
				CLANG_WARN_DIRECT_OBJC_ISA_USAGE = YES_ERROR;
				CLANG_WARN_DOCUMENTATION_COMMENTS = YES;
				CLANG_WARN_EMPTY_BODY = YES;
				CLANG_WARN_ENUM_CONVERSION = YES;
				CLANG_WARN_INFINITE_RECURSION = YES;
				CLANG_WARN_INT_CONVERSION = YES;
				CLANG_WARN_NON_LITERAL_NULL_CONVERSION = YES;
				CLANG_WARN_OBJC_IMPLICIT_RETAIN_SELF = YES;
				CLANG_WARN_OBJC_LITERAL_CONVERSION = YES;
				CLANG_WARN_OBJC_ROOT_CLASS = YES_ERROR;
				CLANG_WARN_RANGE_LOOP_ANALYSIS = YES;
				CLANG_WARN_STRICT_PROTOTYPES = YES;
				CLANG_WARN_SUSPICIOUS_MOVE = YES;
				CLANG_WARN_UNGUARDED_AVAILABILITY = YES_AGGRESSIVE;
				CLANG_WARN_UNREACHABLE_CODE = YES;
				CLANG_WARN__DUPLICATE_METHOD_MATCH = YES;
				COPY_PHASE_STRIP = NO;
				DEBUG_INFORMATION_FORMAT = "dwarf-with-dsym";
				ENABLE_NS_ASSERTIONS = NO;
				ENABLE_STRICT_OBJC_MSGSEND = YES;
				GCC_C_LANGUAGE_STANDARD = gnu11;
				GCC_NO_COMMON_BLOCKS = YES;
				GCC_WARN_64_TO_32_BIT_CONVERSION = YES;
				GCC_WARN_ABOUT_RETURN_TYPE = YES_ERROR;
				GCC_WARN_UNDECLARED_SELECTOR = YES;
				GCC_WARN_UNINITIALIZED_AUTOS = YES_AGGRESSIVE;
				GCC_WARN_UNUSED_FUNCTION = YES;
				GCC_WARN_UNUSED_VARIABLE = YES;
				IPHONEOS_DEPLOYMENT_TARGET = 13.5;
				MTL_ENABLE_DEBUG_INFO = NO;
				MTL_FAST_MATH = YES;
				SDKROOT = iphoneos;
				SWIFT_COMPILATION_MODE = wholemodule;
				SWIFT_OPTIMIZATION_LEVEL = "-O";
				VALIDATE_PRODUCT = YES;
			};
			name = Release;
		};
		4CD41A2024A8CDC8007239CF /* Debug */ = {
			isa = XCBuildConfiguration;
			buildSettings = {
				ASSETCATALOG_COMPILER_APPICON_NAME = AppIcon;
				CODE_SIGN_STYLE = Automatic;
				DEVELOPMENT_ASSET_PATHS = "\"FriendFace/Preview Content\"";
				DEVELOPMENT_TEAM = K5ZJLTFVCL;
				ENABLE_PREVIEWS = YES;
				INFOPLIST_FILE = FriendFace/Info.plist;
				LD_RUNPATH_SEARCH_PATHS = (
					"$(inherited)",
					"@executable_path/Frameworks",
				);
				PRODUCT_BUNDLE_IDENTIFIER = oddmagnet.com.FriendFace;
				PRODUCT_NAME = "$(TARGET_NAME)";
				SWIFT_VERSION = 5.0;
				TARGETED_DEVICE_FAMILY = "1,2";
			};
			name = Debug;
		};
		4CD41A2124A8CDC8007239CF /* Release */ = {
			isa = XCBuildConfiguration;
			buildSettings = {
				ASSETCATALOG_COMPILER_APPICON_NAME = AppIcon;
				CODE_SIGN_STYLE = Automatic;
				DEVELOPMENT_ASSET_PATHS = "\"FriendFace/Preview Content\"";
				DEVELOPMENT_TEAM = K5ZJLTFVCL;
				ENABLE_PREVIEWS = YES;
				INFOPLIST_FILE = FriendFace/Info.plist;
				LD_RUNPATH_SEARCH_PATHS = (
					"$(inherited)",
					"@executable_path/Frameworks",
				);
				PRODUCT_BUNDLE_IDENTIFIER = oddmagnet.com.FriendFace;
				PRODUCT_NAME = "$(TARGET_NAME)";
				SWIFT_VERSION = 5.0;
				TARGETED_DEVICE_FAMILY = "1,2";
			};
			name = Release;
		};
/* End XCBuildConfiguration section */

/* Begin XCConfigurationList section */
		4CD41A0624A8CDC6007239CF /* Build configuration list for PBXProject "FriendFace" */ = {
			isa = XCConfigurationList;
			buildConfigurations = (
				4CD41A1D24A8CDC8007239CF /* Debug */,
				4CD41A1E24A8CDC8007239CF /* Release */,
			);
			defaultConfigurationIsVisible = 0;
			defaultConfigurationName = Release;
		};
		4CD41A1F24A8CDC8007239CF /* Build configuration list for PBXNativeTarget "FriendFace" */ = {
			isa = XCConfigurationList;
			buildConfigurations = (
				4CD41A2024A8CDC8007239CF /* Debug */,
				4CD41A2124A8CDC8007239CF /* Release */,
			);
			defaultConfigurationIsVisible = 0;
			defaultConfigurationName = Release;
		};
/* End XCConfigurationList section */
	};
	rootObject = 4CD41A0324A8CDC6007239CF /* Project object */;
}
