// !$*UTF8*$!
{
	archiveVersion = 1;
	classes = {
	};
	objectVersion = 50;
	objects = {

/* Begin PBXBuildFile section */
		4C84733B24A4CF0600A14146 /* AddBookView.swift in Sources */ = {isa = PBXBuildFile; fileRef = 4C84733A24A4CF0600A14146 /* AddBookView.swift */; };
		4C84733D24A4D70300A14146 /* RatingView.swift in Sources */ = {isa = PBXBuildFile; fileRef = 4C84733C24A4D70300A14146 /* RatingView.swift */; };
		4C84733F24A4DAA800A14146 /* EmojiRatingView.swift in Sources */ = {isa = PBXBuildFile; fileRef = 4C84733E24A4DAA800A14146 /* EmojiRatingView.swift */; };
		4CD0D55224A3927F00ABA674 /* AppDelegate.swift in Sources */ = {isa = PBXBuildFile; fileRef = 4CD0D55124A3927F00ABA674 /* AppDelegate.swift */; };
		4CD0D55424A3927F00ABA674 /* SceneDelegate.swift in Sources */ = {isa = PBXBuildFile; fileRef = 4CD0D55324A3927F00ABA674 /* SceneDelegate.swift */; };
		4CD0D55724A3927F00ABA674 /* Bookworm.xcdatamodeld in Sources */ = {isa = PBXBuildFile; fileRef = 4CD0D55524A3927F00ABA674 /* Bookworm.xcdatamodeld */; };
		4CD0D55924A3927F00ABA674 /* ContentView.swift in Sources */ = {isa = PBXBuildFile; fileRef = 4CD0D55824A3927F00ABA674 /* ContentView.swift */; };
		4CD0D55B24A3928100ABA674 /* Assets.xcassets in Resources */ = {isa = PBXBuildFile; fileRef = 4CD0D55A24A3928100ABA674 /* Assets.xcassets */; };
		4CD0D55E24A3928100ABA674 /* Preview Assets.xcassets in Resources */ = {isa = PBXBuildFile; fileRef = 4CD0D55D24A3928100ABA674 /* Preview Assets.xcassets */; };
		4CD0D56124A3928100ABA674 /* LaunchScreen.storyboard in Resources */ = {isa = PBXBuildFile; fileRef = 4CD0D55F24A3928100ABA674 /* LaunchScreen.storyboard */; };
		4CD0D56924A3930A00ABA674 /* PushButton.swift in Sources */ = {isa = PBXBuildFile; fileRef = 4CD0D56824A3930A00ABA674 /* PushButton.swift */; };
		4CD0D56B24A39ABE00ABA674 /* SizeClassTracker.swift in Sources */ = {isa = PBXBuildFile; fileRef = 4CD0D56A24A39ABE00ABA674 /* SizeClassTracker.swift */; };
/* End PBXBuildFile section */

/* Begin PBXFileReference section */
		4C84733A24A4CF0600A14146 /* AddBookView.swift */ = {isa = PBXFileReference; lastKnownFileType = sourcecode.swift; path = AddBookView.swift; sourceTree = "<group>"; };
		4C84733C24A4D70300A14146 /* RatingView.swift */ = {isa = PBXFileReference; lastKnownFileType = sourcecode.swift; path = RatingView.swift; sourceTree = "<group>"; };
		4C84733E24A4DAA800A14146 /* EmojiRatingView.swift */ = {isa = PBXFileReference; lastKnownFileType = sourcecode.swift; path = EmojiRatingView.swift; sourceTree = "<group>"; };
		4CD0D54E24A3927F00ABA674 /* Bookworm.app */ = {isa = PBXFileReference; explicitFileType = wrapper.application; includeInIndex = 0; path = Bookworm.app; sourceTree = BUILT_PRODUCTS_DIR; };
		4CD0D55124A3927F00ABA674 /* AppDelegate.swift */ = {isa = PBXFileReference; lastKnownFileType = sourcecode.swift; path = AppDelegate.swift; sourceTree = "<group>"; };
		4CD0D55324A3927F00ABA674 /* SceneDelegate.swift */ = {isa = PBXFileReference; lastKnownFileType = sourcecode.swift; path = SceneDelegate.swift; sourceTree = "<group>"; };
		4CD0D55624A3927F00ABA674 /* Bookworm.xcdatamodel */ = {isa = PBXFileReference; lastKnownFileType = wrapper.xcdatamodel; path = Bookworm.xcdatamodel; sourceTree = "<group>"; };
		4CD0D55824A3927F00ABA674 /* ContentView.swift */ = {isa = PBXFileReference; lastKnownFileType = sourcecode.swift; path = ContentView.swift; sourceTree = "<group>"; };
		4CD0D55A24A3928100ABA674 /* Assets.xcassets */ = {isa = PBXFileReference; lastKnownFileType = folder.assetcatalog; path = Assets.xcassets; sourceTree = "<group>"; };
		4CD0D55D24A3928100ABA674 /* Preview Assets.xcassets */ = {isa = PBXFileReference; lastKnownFileType = folder.assetcatalog; path = "Preview Assets.xcassets"; sourceTree = "<group>"; };
		4CD0D56024A3928100ABA674 /* Base */ = {isa = PBXFileReference; lastKnownFileType = file.storyboard; name = Base; path = Base.lproj/LaunchScreen.storyboard; sourceTree = "<group>"; };
		4CD0D56224A3928100ABA674 /* Info.plist */ = {isa = PBXFileReference; lastKnownFileType = text.plist.xml; path = Info.plist; sourceTree = "<group>"; };
		4CD0D56824A3930A00ABA674 /* PushButton.swift */ = {isa = PBXFileReference; lastKnownFileType = sourcecode.swift; path = PushButton.swift; sourceTree = "<group>"; };
		4CD0D56A24A39ABE00ABA674 /* SizeClassTracker.swift */ = {isa = PBXFileReference; lastKnownFileType = sourcecode.swift; path = SizeClassTracker.swift; sourceTree = "<group>"; };
/* End PBXFileReference section */

/* Begin PBXFrameworksBuildPhase section */
		4CD0D54B24A3927F00ABA674 /* Frameworks */ = {
			isa = PBXFrameworksBuildPhase;
			buildActionMask = 2147483647;
			files = (
			);
			runOnlyForDeploymentPostprocessing = 0;
		};
/* End PBXFrameworksBuildPhase section */

/* Begin PBXGroup section */
		4C84733924A4CE4500A14146 /* Examples */ = {
			isa = PBXGroup;
			children = (
				4CD0D56824A3930A00ABA674 /* PushButton.swift */,
				4CD0D56A24A39ABE00ABA674 /* SizeClassTracker.swift */,
			);
			path = Examples;
			sourceTree = "<group>";
		};
		4CD0D54524A3927F00ABA674 = {
			isa = PBXGroup;
			children = (
				4CD0D55024A3927F00ABA674 /* Bookworm */,
				4CD0D54F24A3927F00ABA674 /* Products */,
			);
			sourceTree = "<group>";
		};
		4CD0D54F24A3927F00ABA674 /* Products */ = {
			isa = PBXGroup;
			children = (
				4CD0D54E24A3927F00ABA674 /* Bookworm.app */,
			);
			name = Products;
			sourceTree = "<group>";
		};
		4CD0D55024A3927F00ABA674 /* Bookworm */ = {
			isa = PBXGroup;
			children = (
				4CD0D55124A3927F00ABA674 /* AppDelegate.swift */,
				4CD0D55324A3927F00ABA674 /* SceneDelegate.swift */,
				4CD0D55824A3927F00ABA674 /* ContentView.swift */,
				4C84733A24A4CF0600A14146 /* AddBookView.swift */,
				4C84733C24A4D70300A14146 /* RatingView.swift */,
				4C84733E24A4DAA800A14146 /* EmojiRatingView.swift */,
				4C84733924A4CE4500A14146 /* Examples */,
				4CD0D55A24A3928100ABA674 /* Assets.xcassets */,
				4CD0D55F24A3928100ABA674 /* LaunchScreen.storyboard */,
				4CD0D56224A3928100ABA674 /* Info.plist */,
				4CD0D55524A3927F00ABA674 /* Bookworm.xcdatamodeld */,
				4CD0D55C24A3928100ABA674 /* Preview Content */,
			);
			path = Bookworm;
			sourceTree = "<group>";
		};
		4CD0D55C24A3928100ABA674 /* Preview Content */ = {
			isa = PBXGroup;
			children = (
				4CD0D55D24A3928100ABA674 /* Preview Assets.xcassets */,
			);
			path = "Preview Content";
			sourceTree = "<group>";
		};
/* End PBXGroup section */

/* Begin PBXNativeTarget section */
		4CD0D54D24A3927F00ABA674 /* Bookworm */ = {
			isa = PBXNativeTarget;
			buildConfigurationList = 4CD0D56524A3928100ABA674 /* Build configuration list for PBXNativeTarget "Bookworm" */;
			buildPhases = (
				4CD0D54A24A3927F00ABA674 /* Sources */,
				4CD0D54B24A3927F00ABA674 /* Frameworks */,
				4CD0D54C24A3927F00ABA674 /* Resources */,
			);
			buildRules = (
			);
			dependencies = (
			);
			name = Bookworm;
			productName = Bookworm;
			productReference = 4CD0D54E24A3927F00ABA674 /* Bookworm.app */;
			productType = "com.apple.product-type.application";
		};
/* End PBXNativeTarget section */

/* Begin PBXProject section */
		4CD0D54624A3927F00ABA674 /* Project object */ = {
			isa = PBXProject;
			attributes = {
				LastSwiftUpdateCheck = 1150;
				LastUpgradeCheck = 1150;
				ORGANIZATIONNAME = "Michael Brünen";
				TargetAttributes = {
					4CD0D54D24A3927F00ABA674 = {
						CreatedOnToolsVersion = 11.5;
					};
				};
			};
			buildConfigurationList = 4CD0D54924A3927F00ABA674 /* Build configuration list for PBXProject "Bookworm" */;
			compatibilityVersion = "Xcode 9.3";
			developmentRegion = en;
			hasScannedForEncodings = 0;
			knownRegions = (
				en,
				Base,
			);
			mainGroup = 4CD0D54524A3927F00ABA674;
			productRefGroup = 4CD0D54F24A3927F00ABA674 /* Products */;
			projectDirPath = "";
			projectRoot = "";
			targets = (
				4CD0D54D24A3927F00ABA674 /* Bookworm */,
			);
		};
/* End PBXProject section */

/* Begin PBXResourcesBuildPhase section */
		4CD0D54C24A3927F00ABA674 /* Resources */ = {
			isa = PBXResourcesBuildPhase;
			buildActionMask = 2147483647;
			files = (
				4CD0D56124A3928100ABA674 /* LaunchScreen.storyboard in Resources */,
				4CD0D55E24A3928100ABA674 /* Preview Assets.xcassets in Resources */,
				4CD0D55B24A3928100ABA674 /* Assets.xcassets in Resources */,
			);
			runOnlyForDeploymentPostprocessing = 0;
		};
/* End PBXResourcesBuildPhase section */

/* Begin PBXSourcesBuildPhase section */
		4CD0D54A24A3927F00ABA674 /* Sources */ = {
			isa = PBXSourcesBuildPhase;
			buildActionMask = 2147483647;
			files = (
				4C84733B24A4CF0600A14146 /* AddBookView.swift in Sources */,
				4C84733F24A4DAA800A14146 /* EmojiRatingView.swift in Sources */,
				4CD0D55224A3927F00ABA674 /* AppDelegate.swift in Sources */,
				4CD0D56924A3930A00ABA674 /* PushButton.swift in Sources */,
				4C84733D24A4D70300A14146 /* RatingView.swift in Sources */,
				4CD0D55724A3927F00ABA674 /* Bookworm.xcdatamodeld in Sources */,
				4CD0D55924A3927F00ABA674 /* ContentView.swift in Sources */,
				4CD0D56B24A39ABE00ABA674 /* SizeClassTracker.swift in Sources */,
				4CD0D55424A3927F00ABA674 /* SceneDelegate.swift in Sources */,
			);
			runOnlyForDeploymentPostprocessing = 0;
		};
/* End PBXSourcesBuildPhase section */

/* Begin PBXVariantGroup section */
		4CD0D55F24A3928100ABA674 /* LaunchScreen.storyboard */ = {
			isa = PBXVariantGroup;
			children = (
				4CD0D56024A3928100ABA674 /* Base */,
			);
			name = LaunchScreen.storyboard;
			sourceTree = "<group>";
		};
/* End PBXVariantGroup section */

/* Begin XCBuildConfiguration section */
		4CD0D56324A3928100ABA674 /* Debug */ = {
			isa = XCBuildConfiguration;
			buildSettings = {
				ALWAYS_SEARCH_USER_PATHS = NO;
				CLANG_ANALYZER_NONNULL = YES;
				CLANG_ANALYZER_NUMBER_OBJECT_CONVERSION = YES_AGGRESSIVE;
				CLANG_CXX_LANGUAGE_STANDARD = "gnu++14";
				CLANG_CXX_LIBRARY = "libc++";
				CLANG_ENABLE_MODULES = YES;
				CLANG_ENABLE_OBJC_ARC = YES;
				CLANG_ENABLE_OBJC_WEAK = YES;
				CLANG_WARN_BLOCK_CAPTURE_AUTORELEASING = YES;
				CLANG_WARN_BOOL_CONVERSION = YES;
				CLANG_WARN_COMMA = YES;
				CLANG_WARN_CONSTANT_CONVERSION = YES;
				CLANG_WARN_DEPRECATED_OBJC_IMPLEMENTATIONS = YES;
				CLANG_WARN_DIRECT_OBJC_ISA_USAGE = YES_ERROR;
				CLANG_WARN_DOCUMENTATION_COMMENTS = YES;
				CLANG_WARN_EMPTY_BODY = YES;
				CLANG_WARN_ENUM_CONVERSION = YES;
				CLANG_WARN_INFINITE_RECURSION = YES;
				CLANG_WARN_INT_CONVERSION = YES;
				CLANG_WARN_NON_LITERAL_NULL_CONVERSION = YES;
				CLANG_WARN_OBJC_IMPLICIT_RETAIN_SELF = YES;
				CLANG_WARN_OBJC_LITERAL_CONVERSION = YES;
				CLANG_WARN_OBJC_ROOT_CLASS = YES_ERROR;
				CLANG_WARN_RANGE_LOOP_ANALYSIS = YES;
				CLANG_WARN_STRICT_PROTOTYPES = YES;
				CLANG_WARN_SUSPICIOUS_MOVE = YES;
				CLANG_WARN_UNGUARDED_AVAILABILITY = YES_AGGRESSIVE;
				CLANG_WARN_UNREACHABLE_CODE = YES;
				CLANG_WARN__DUPLICATE_METHOD_MATCH = YES;
				COPY_PHASE_STRIP = NO;
				DEBUG_INFORMATION_FORMAT = dwarf;
				ENABLE_STRICT_OBJC_MSGSEND = YES;
				ENABLE_TESTABILITY = YES;
				GCC_C_LANGUAGE_STANDARD = gnu11;
				GCC_DYNAMIC_NO_PIC = NO;
				GCC_NO_COMMON_BLOCKS = YES;
				GCC_OPTIMIZATION_LEVEL = 0;
				GCC_PREPROCESSOR_DEFINITIONS = (
					"DEBUG=1",
					"$(inherited)",
				);
				GCC_WARN_64_TO_32_BIT_CONVERSION = YES;
				GCC_WARN_ABOUT_RETURN_TYPE = YES_ERROR;
				GCC_WARN_UNDECLARED_SELECTOR = YES;
				GCC_WARN_UNINITIALIZED_AUTOS = YES_AGGRESSIVE;
				GCC_WARN_UNUSED_FUNCTION = YES;
				GCC_WARN_UNUSED_VARIABLE = YES;
				IPHONEOS_DEPLOYMENT_TARGET = 13.5;
				MTL_ENABLE_DEBUG_INFO = INCLUDE_SOURCE;
				MTL_FAST_MATH = YES;
				ONLY_ACTIVE_ARCH = YES;
				SDKROOT = iphoneos;
				SWIFT_ACTIVE_COMPILATION_CONDITIONS = DEBUG;
				SWIFT_OPTIMIZATION_LEVEL = "-Onone";
			};
			name = Debug;
		};
		4CD0D56424A3928100ABA674 /* Release */ = {
			isa = XCBuildConfiguration;
			buildSettings = {
				ALWAYS_SEARCH_USER_PATHS = NO;
				CLANG_ANALYZER_NONNULL = YES;
				CLANG_ANALYZER_NUMBER_OBJECT_CONVERSION = YES_AGGRESSIVE;
				CLANG_CXX_LANGUAGE_STANDARD = "gnu++14";
				CLANG_CXX_LIBRARY = "libc++";
				CLANG_ENABLE_MODULES = YES;
				CLANG_ENABLE_OBJC_ARC = YES;
				CLANG_ENABLE_OBJC_WEAK = YES;
				CLANG_WARN_BLOCK_CAPTURE_AUTORELEASING = YES;
				CLANG_WARN_BOOL_CONVERSION = YES;
				CLANG_WARN_COMMA = YES;
				CLANG_WARN_CONSTANT_CONVERSION = YES;
				CLANG_WARN_DEPRECATED_OBJC_IMPLEMENTATIONS = YES;
				CLANG_WARN_DIRECT_OBJC_ISA_USAGE = YES_ERROR;
				CLANG_WARN_DOCUMENTATION_COMMENTS = YES;
				CLANG_WARN_EMPTY_BODY = YES;
				CLANG_WARN_ENUM_CONVERSION = YES;
				CLANG_WARN_INFINITE_RECURSION = YES;
				CLANG_WARN_INT_CONVERSION = YES;
				CLANG_WARN_NON_LITERAL_NULL_CONVERSION = YES;
				CLANG_WARN_OBJC_IMPLICIT_RETAIN_SELF = YES;
				CLANG_WARN_OBJC_LITERAL_CONVERSION = YES;
				CLANG_WARN_OBJC_ROOT_CLASS = YES_ERROR;
				CLANG_WARN_RANGE_LOOP_ANALYSIS = YES;
				CLANG_WARN_STRICT_PROTOTYPES = YES;
				CLANG_WARN_SUSPICIOUS_MOVE = YES;
				CLANG_WARN_UNGUARDED_AVAILABILITY = YES_AGGRESSIVE;
				CLANG_WARN_UNREACHABLE_CODE = YES;
				CLANG_WARN__DUPLICATE_METHOD_MATCH = YES;
				COPY_PHASE_STRIP = NO;
				DEBUG_INFORMATION_FORMAT = "dwarf-with-dsym";
				ENABLE_NS_ASSERTIONS = NO;
				ENABLE_STRICT_OBJC_MSGSEND = YES;
				GCC_C_LANGUAGE_STANDARD = gnu11;
				GCC_NO_COMMON_BLOCKS = YES;
				GCC_WARN_64_TO_32_BIT_CONVERSION = YES;
				GCC_WARN_ABOUT_RETURN_TYPE = YES_ERROR;
				GCC_WARN_UNDECLARED_SELECTOR = YES;
				GCC_WARN_UNINITIALIZED_AUTOS = YES_AGGRESSIVE;
				GCC_WARN_UNUSED_FUNCTION = YES;
				GCC_WARN_UNUSED_VARIABLE = YES;
				IPHONEOS_DEPLOYMENT_TARGET = 13.5;
				MTL_ENABLE_DEBUG_INFO = NO;
				MTL_FAST_MATH = YES;
				SDKROOT = iphoneos;
				SWIFT_COMPILATION_MODE = wholemodule;
				SWIFT_OPTIMIZATION_LEVEL = "-O";
				VALIDATE_PRODUCT = YES;
			};
			name = Release;
		};
		4CD0D56624A3928100ABA674 /* Debug */ = {
			isa = XCBuildConfiguration;
			buildSettings = {
				ASSETCATALOG_COMPILER_APPICON_NAME = AppIcon;
				CODE_SIGN_STYLE = Automatic;
				DEVELOPMENT_ASSET_PATHS = "\"Bookworm/Preview Content\"";
				DEVELOPMENT_TEAM = K5ZJLTFVCL;
				ENABLE_PREVIEWS = YES;
				INFOPLIST_FILE = Bookworm/Info.plist;
				LD_RUNPATH_SEARCH_PATHS = (
					"$(inherited)",
					"@executable_path/Frameworks",
				);
				PRODUCT_BUNDLE_IDENTIFIER = oddmagnet.com.Bookworm;
				PRODUCT_NAME = "$(TARGET_NAME)";
				SWIFT_VERSION = 5.0;
				TARGETED_DEVICE_FAMILY = "1,2";
			};
			name = Debug;
		};
		4CD0D56724A3928100ABA674 /* Release */ = {
			isa = XCBuildConfiguration;
			buildSettings = {
				ASSETCATALOG_COMPILER_APPICON_NAME = AppIcon;
				CODE_SIGN_STYLE = Automatic;
				DEVELOPMENT_ASSET_PATHS = "\"Bookworm/Preview Content\"";
				DEVELOPMENT_TEAM = K5ZJLTFVCL;
				ENABLE_PREVIEWS = YES;
				INFOPLIST_FILE = Bookworm/Info.plist;
				LD_RUNPATH_SEARCH_PATHS = (
					"$(inherited)",
					"@executable_path/Frameworks",
				);
				PRODUCT_BUNDLE_IDENTIFIER = oddmagnet.com.Bookworm;
				PRODUCT_NAME = "$(TARGET_NAME)";
				SWIFT_VERSION = 5.0;
				TARGETED_DEVICE_FAMILY = "1,2";
			};
			name = Release;
		};
/* End XCBuildConfiguration section */

/* Begin XCConfigurationList section */
		4CD0D54924A3927F00ABA674 /* Build configuration list for PBXProject "Bookworm" */ = {
			isa = XCConfigurationList;
			buildConfigurations = (
				4CD0D56324A3928100ABA674 /* Debug */,
				4CD0D56424A3928100ABA674 /* Release */,
			);
			defaultConfigurationIsVisible = 0;
			defaultConfigurationName = Release;
		};
		4CD0D56524A3928100ABA674 /* Build configuration list for PBXNativeTarget "Bookworm" */ = {
			isa = XCConfigurationList;
			buildConfigurations = (
				4CD0D56624A3928100ABA674 /* Debug */,
				4CD0D56724A3928100ABA674 /* Release */,
			);
			defaultConfigurationIsVisible = 0;
			defaultConfigurationName = Release;
		};
/* End XCConfigurationList section */

/* Begin XCVersionGroup section */
		4CD0D55524A3927F00ABA674 /* Bookworm.xcdatamodeld */ = {
			isa = XCVersionGroup;
			children = (
				4CD0D55624A3927F00ABA674 /* Bookworm.xcdatamodel */,
			);
			currentVersion = 4CD0D55624A3927F00ABA674 /* Bookworm.xcdatamodel */;
			path = Bookworm.xcdatamodeld;
			sourceTree = "<group>";
			versionGroupType = wrapper.xcdatamodel;
		};
/* End XCVersionGroup section */
	};
	rootObject = 4CD0D54624A3927F00ABA674 /* Project object */;
}
