// !$*UTF8*$!
{
	archiveVersion = 1;
	classes = {
	};
	objectVersion = 50;
	objects = {

/* Begin PBXBuildFile section */
		4C1A515724CC1C44000C43BD /* AppDelegate.swift in Sources */ = {isa = PBXBuildFile; fileRef = 4C1A515624CC1C44000C43BD /* AppDelegate.swift */; };
		4C1A515924CC1C44000C43BD /* SceneDelegate.swift in Sources */ = {isa = PBXBuildFile; fileRef = 4C1A515824CC1C44000C43BD /* SceneDelegate.swift */; };
		4C1A515C24CC1C44000C43BD /* iRoll.xcdatamodeld in Sources */ = {isa = PBXBuildFile; fileRef = 4C1A515A24CC1C44000C43BD /* iRoll.xcdatamodeld */; };
		4C1A515E24CC1C44000C43BD /* ContentView.swift in Sources */ = {isa = PBXBuildFile; fileRef = 4C1A515D24CC1C44000C43BD /* ContentView.swift */; };
		4C1A516024CC1C45000C43BD /* Assets.xcassets in Resources */ = {isa = PBXBuildFile; fileRef = 4C1A515F24CC1C45000C43BD /* Assets.xcassets */; };
		4C1A516324CC1C45000C43BD /* Preview Assets.xcassets in Resources */ = {isa = PBXBuildFile; fileRef = 4C1A516224CC1C45000C43BD /* Preview Assets.xcassets */; };
		4C1A516624CC1C45000C43BD /* LaunchScreen.storyboard in Resources */ = {isa = PBXBuildFile; fileRef = 4C1A516424CC1C45000C43BD /* LaunchScreen.storyboard */; };
		4CFAC0A924CC22880015C326 /* DiceRoll+CoreDataClass.swift in Sources */ = {isa = PBXBuildFile; fileRef = 4CFAC0A724CC22880015C326 /* DiceRoll+CoreDataClass.swift */; };
		4CFAC0AA24CC22880015C326 /* DiceRoll+CoreDataProperties.swift in Sources */ = {isa = PBXBuildFile; fileRef = 4CFAC0A824CC22880015C326 /* DiceRoll+CoreDataProperties.swift */; };
		4CFAC0AC24CC2B890015C326 /* SettingsView.swift in Sources */ = {isa = PBXBuildFile; fileRef = 4CFAC0AB24CC2B880015C326 /* SettingsView.swift */; };
		4CFAC0AE24CC38CB0015C326 /* NewRollView.swift in Sources */ = {isa = PBXBuildFile; fileRef = 4CFAC0AD24CC38CB0015C326 /* NewRollView.swift */; };
		4CFAC0B024CC49560015C326 /* PastRollsView.swift in Sources */ = {isa = PBXBuildFile; fileRef = 4CFAC0AF24CC49560015C326 /* PastRollsView.swift */; };
/* End PBXBuildFile section */

/* Begin PBXFileReference section */
		4C1A515324CC1C44000C43BD /* iRoll.app */ = {isa = PBXFileReference; explicitFileType = wrapper.application; includeInIndex = 0; path = iRoll.app; sourceTree = BUILT_PRODUCTS_DIR; };
		4C1A515624CC1C44000C43BD /* AppDelegate.swift */ = {isa = PBXFileReference; lastKnownFileType = sourcecode.swift; path = AppDelegate.swift; sourceTree = "<group>"; };
		4C1A515824CC1C44000C43BD /* SceneDelegate.swift */ = {isa = PBXFileReference; lastKnownFileType = sourcecode.swift; path = SceneDelegate.swift; sourceTree = "<group>"; };
		4C1A515B24CC1C44000C43BD /* iRoll.xcdatamodel */ = {isa = PBXFileReference; lastKnownFileType = wrapper.xcdatamodel; path = iRoll.xcdatamodel; sourceTree = "<group>"; };
		4C1A515D24CC1C44000C43BD /* ContentView.swift */ = {isa = PBXFileReference; lastKnownFileType = sourcecode.swift; path = ContentView.swift; sourceTree = "<group>"; };
		4C1A515F24CC1C45000C43BD /* Assets.xcassets */ = {isa = PBXFileReference; lastKnownFileType = folder.assetcatalog; path = Assets.xcassets; sourceTree = "<group>"; };
		4C1A516224CC1C45000C43BD /* Preview Assets.xcassets */ = {isa = PBXFileReference; lastKnownFileType = folder.assetcatalog; path = "Preview Assets.xcassets"; sourceTree = "<group>"; };
		4C1A516524CC1C45000C43BD /* Base */ = {isa = PBXFileReference; lastKnownFileType = file.storyboard; name = Base; path = Base.lproj/LaunchScreen.storyboard; sourceTree = "<group>"; };
		4C1A516724CC1C45000C43BD /* Info.plist */ = {isa = PBXFileReference; lastKnownFileType = text.plist.xml; path = Info.plist; sourceTree = "<group>"; };
		4CFAC0A724CC22880015C326 /* DiceRoll+CoreDataClass.swift */ = {isa = PBXFileReference; lastKnownFileType = sourcecode.swift; path = "DiceRoll+CoreDataClass.swift"; sourceTree = "<group>"; };
		4CFAC0A824CC22880015C326 /* DiceRoll+CoreDataProperties.swift */ = {isa = PBXFileReference; lastKnownFileType = sourcecode.swift; path = "DiceRoll+CoreDataProperties.swift"; sourceTree = "<group>"; };
		4CFAC0AB24CC2B880015C326 /* SettingsView.swift */ = {isa = PBXFileReference; lastKnownFileType = sourcecode.swift; path = SettingsView.swift; sourceTree = "<group>"; };
		4CFAC0AD24CC38CB0015C326 /* NewRollView.swift */ = {isa = PBXFileReference; lastKnownFileType = sourcecode.swift; path = NewRollView.swift; sourceTree = "<group>"; };
		4CFAC0AF24CC49560015C326 /* PastRollsView.swift */ = {isa = PBXFileReference; lastKnownFileType = sourcecode.swift; path = PastRollsView.swift; sourceTree = "<group>"; };
/* End PBXFileReference section */

/* Begin PBXFrameworksBuildPhase section */
		4C1A515024CC1C44000C43BD /* Frameworks */ = {
			isa = PBXFrameworksBuildPhase;
			buildActionMask = 2147483647;
			files = (
			);
			runOnlyForDeploymentPostprocessing = 0;
		};
/* End PBXFrameworksBuildPhase section */

/* Begin PBXGroup section */
		4C1A514A24CC1C44000C43BD = {
			isa = PBXGroup;
			children = (
				4C1A515524CC1C44000C43BD /* iRoll */,
				4C1A515424CC1C44000C43BD /* Products */,
			);
			sourceTree = "<group>";
		};
		4C1A515424CC1C44000C43BD /* Products */ = {
			isa = PBXGroup;
			children = (
				4C1A515324CC1C44000C43BD /* iRoll.app */,
			);
			name = Products;
			sourceTree = "<group>";
		};
		4C1A515524CC1C44000C43BD /* iRoll */ = {
			isa = PBXGroup;
			children = (
				4C1A515624CC1C44000C43BD /* AppDelegate.swift */,
				4C1A515824CC1C44000C43BD /* SceneDelegate.swift */,
				4C1A515D24CC1C44000C43BD /* ContentView.swift */,
				4CFAC0AD24CC38CB0015C326 /* NewRollView.swift */,
				4CFAC0AF24CC49560015C326 /* PastRollsView.swift */,
				4CFAC0AB24CC2B880015C326 /* SettingsView.swift */,
				4C1A515F24CC1C45000C43BD /* Assets.xcassets */,
				4C1A516424CC1C45000C43BD /* LaunchScreen.storyboard */,
				4C1A516724CC1C45000C43BD /* Info.plist */,
				4CFAC0A724CC22880015C326 /* DiceRoll+CoreDataClass.swift */,
				4CFAC0A824CC22880015C326 /* DiceRoll+CoreDataProperties.swift */,
				4C1A515A24CC1C44000C43BD /* iRoll.xcdatamodeld */,
				4C1A516124CC1C45000C43BD /* Preview Content */,
			);
			path = iRoll;
			sourceTree = "<group>";
		};
		4C1A516124CC1C45000C43BD /* Preview Content */ = {
			isa = PBXGroup;
			children = (
				4C1A516224CC1C45000C43BD /* Preview Assets.xcassets */,
			);
			path = "Preview Content";
			sourceTree = "<group>";
		};
/* End PBXGroup section */

/* Begin PBXNativeTarget section */
		4C1A515224CC1C44000C43BD /* iRoll */ = {
			isa = PBXNativeTarget;
			buildConfigurationList = 4C1A516A24CC1C45000C43BD /* Build configuration list for PBXNativeTarget "iRoll" */;
			buildPhases = (
				4C1A514F24CC1C44000C43BD /* Sources */,
				4C1A515024CC1C44000C43BD /* Frameworks */,
				4C1A515124CC1C44000C43BD /* Resources */,
			);
			buildRules = (
			);
			dependencies = (
			);
			name = iRoll;
			productName = iRoll;
			productReference = 4C1A515324CC1C44000C43BD /* iRoll.app */;
			productType = "com.apple.product-type.application";
		};
/* End PBXNativeTarget section */

/* Begin PBXProject section */
		4C1A514B24CC1C44000C43BD /* Project object */ = {
			isa = PBXProject;
			attributes = {
				LastSwiftUpdateCheck = 1160;
				LastUpgradeCheck = 1160;
				ORGANIZATIONNAME = "Michael Brünen";
				TargetAttributes = {
					4C1A515224CC1C44000C43BD = {
						CreatedOnToolsVersion = 11.6;
					};
				};
			};
			buildConfigurationList = 4C1A514E24CC1C44000C43BD /* Build configuration list for PBXProject "iRoll" */;
			compatibilityVersion = "Xcode 9.3";
			developmentRegion = en;
			hasScannedForEncodings = 0;
			knownRegions = (
				en,
				Base,
			);
			mainGroup = 4C1A514A24CC1C44000C43BD;
			productRefGroup = 4C1A515424CC1C44000C43BD /* Products */;
			projectDirPath = "";
			projectRoot = "";
			targets = (
				4C1A515224CC1C44000C43BD /* iRoll */,
			);
		};
/* End PBXProject section */

/* Begin PBXResourcesBuildPhase section */
		4C1A515124CC1C44000C43BD /* Resources */ = {
			isa = PBXResourcesBuildPhase;
			buildActionMask = 2147483647;
			files = (
				4C1A516624CC1C45000C43BD /* LaunchScreen.storyboard in Resources */,
				4C1A516324CC1C45000C43BD /* Preview Assets.xcassets in Resources */,
				4C1A516024CC1C45000C43BD /* Assets.xcassets in Resources */,
			);
			runOnlyForDeploymentPostprocessing = 0;
		};
/* End PBXResourcesBuildPhase section */

/* Begin PBXSourcesBuildPhase section */
		4C1A514F24CC1C44000C43BD /* Sources */ = {
			isa = PBXSourcesBuildPhase;
			buildActionMask = 2147483647;
			files = (
				4CFAC0AC24CC2B890015C326 /* SettingsView.swift in Sources */,
				4CFAC0B024CC49560015C326 /* PastRollsView.swift in Sources */,
				4C1A515724CC1C44000C43BD /* AppDelegate.swift in Sources */,
				4CFAC0AE24CC38CB0015C326 /* NewRollView.swift in Sources */,
				4CFAC0AA24CC22880015C326 /* DiceRoll+CoreDataProperties.swift in Sources */,
				4C1A515C24CC1C44000C43BD /* iRoll.xcdatamodeld in Sources */,
				4C1A515E24CC1C44000C43BD /* ContentView.swift in Sources */,
				4C1A515924CC1C44000C43BD /* SceneDelegate.swift in Sources */,
				4CFAC0A924CC22880015C326 /* DiceRoll+CoreDataClass.swift in Sources */,
			);
			runOnlyForDeploymentPostprocessing = 0;
		};
/* End PBXSourcesBuildPhase section */

/* Begin PBXVariantGroup section */
		4C1A516424CC1C45000C43BD /* LaunchScreen.storyboard */ = {
			isa = PBXVariantGroup;
			children = (
				4C1A516524CC1C45000C43BD /* Base */,
			);
			name = LaunchScreen.storyboard;
			sourceTree = "<group>";
		};
/* End PBXVariantGroup section */

/* Begin XCBuildConfiguration section */
		4C1A516824CC1C45000C43BD /* Debug */ = {
			isa = XCBuildConfiguration;
			buildSettings = {
				ALWAYS_SEARCH_USER_PATHS = NO;
				CLANG_ANALYZER_NONNULL = YES;
				CLANG_ANALYZER_NUMBER_OBJECT_CONVERSION = YES_AGGRESSIVE;
				CLANG_CXX_LANGUAGE_STANDARD = "gnu++14";
				CLANG_CXX_LIBRARY = "libc++";
				CLANG_ENABLE_MODULES = YES;
				CLANG_ENABLE_OBJC_ARC = YES;
				CLANG_ENABLE_OBJC_WEAK = YES;
				CLANG_WARN_BLOCK_CAPTURE_AUTORELEASING = YES;
				CLANG_WARN_BOOL_CONVERSION = YES;
				CLANG_WARN_COMMA = YES;
				CLANG_WARN_CONSTANT_CONVERSION = YES;
				CLANG_WARN_DEPRECATED_OBJC_IMPLEMENTATIONS = YES;
				CLANG_WARN_DIRECT_OBJC_ISA_USAGE = YES_ERROR;
				CLANG_WARN_DOCUMENTATION_COMMENTS = YES;
				CLANG_WARN_EMPTY_BODY = YES;
				CLANG_WARN_ENUM_CONVERSION = YES;
				CLANG_WARN_INFINITE_RECURSION = YES;
				CLANG_WARN_INT_CONVERSION = YES;
				CLANG_WARN_NON_LITERAL_NULL_CONVERSION = YES;
				CLANG_WARN_OBJC_IMPLICIT_RETAIN_SELF = YES;
				CLANG_WARN_OBJC_LITERAL_CONVERSION = YES;
				CLANG_WARN_OBJC_ROOT_CLASS = YES_ERROR;
				CLANG_WARN_RANGE_LOOP_ANALYSIS = YES;
				CLANG_WARN_STRICT_PROTOTYPES = YES;
				CLANG_WARN_SUSPICIOUS_MOVE = YES;
				CLANG_WARN_UNGUARDED_AVAILABILITY = YES_AGGRESSIVE;
				CLANG_WARN_UNREACHABLE_CODE = YES;
				CLANG_WARN__DUPLICATE_METHOD_MATCH = YES;
				COPY_PHASE_STRIP = NO;
				DEBUG_INFORMATION_FORMAT = dwarf;
				ENABLE_STRICT_OBJC_MSGSEND = YES;
				ENABLE_TESTABILITY = YES;
				GCC_C_LANGUAGE_STANDARD = gnu11;
				GCC_DYNAMIC_NO_PIC = NO;
				GCC_NO_COMMON_BLOCKS = YES;
				GCC_OPTIMIZATION_LEVEL = 0;
				GCC_PREPROCESSOR_DEFINITIONS = (
					"DEBUG=1",
					"$(inherited)",
				);
				GCC_WARN_64_TO_32_BIT_CONVERSION = YES;
				GCC_WARN_ABOUT_RETURN_TYPE = YES_ERROR;
				GCC_WARN_UNDECLARED_SELECTOR = YES;
				GCC_WARN_UNINITIALIZED_AUTOS = YES_AGGRESSIVE;
				GCC_WARN_UNUSED_FUNCTION = YES;
				GCC_WARN_UNUSED_VARIABLE = YES;
				IPHONEOS_DEPLOYMENT_TARGET = 13.6;
				MTL_ENABLE_DEBUG_INFO = INCLUDE_SOURCE;
				MTL_FAST_MATH = YES;
				ONLY_ACTIVE_ARCH = YES;
				SDKROOT = iphoneos;
				SWIFT_ACTIVE_COMPILATION_CONDITIONS = DEBUG;
				SWIFT_OPTIMIZATION_LEVEL = "-Onone";
			};
			name = Debug;
		};
		4C1A516924CC1C45000C43BD /* Release */ = {
			isa = XCBuildConfiguration;
			buildSettings = {
				ALWAYS_SEARCH_USER_PATHS = NO;
				CLANG_ANALYZER_NONNULL = YES;
				CLANG_ANALYZER_NUMBER_OBJECT_CONVERSION = YES_AGGRESSIVE;
				CLANG_CXX_LANGUAGE_STANDARD = "gnu++14";
				CLANG_CXX_LIBRARY = "libc++";
				CLANG_ENABLE_MODULES = YES;
				CLANG_ENABLE_OBJC_ARC = YES;
				CLANG_ENABLE_OBJC_WEAK = YES;
				CLANG_WARN_BLOCK_CAPTURE_AUTORELEASING = YES;
				CLANG_WARN_BOOL_CONVERSION = YES;
				CLANG_WARN_COMMA = YES;
				CLANG_WARN_CONSTANT_CONVERSION = YES;
				CLANG_WARN_DEPRECATED_OBJC_IMPLEMENTATIONS = YES;
				CLANG_WARN_DIRECT_OBJC_ISA_USAGE = YES_ERROR;
				CLANG_WARN_DOCUMENTATION_COMMENTS = YES;
				CLANG_WARN_EMPTY_BODY = YES;
				CLANG_WARN_ENUM_CONVERSION = YES;
				CLANG_WARN_INFINITE_RECURSION = YES;
				CLANG_WARN_INT_CONVERSION = YES;
				CLANG_WARN_NON_LITERAL_NULL_CONVERSION = YES;
				CLANG_WARN_OBJC_IMPLICIT_RETAIN_SELF = YES;
				CLANG_WARN_OBJC_LITERAL_CONVERSION = YES;
				CLANG_WARN_OBJC_ROOT_CLASS = YES_ERROR;
				CLANG_WARN_RANGE_LOOP_ANALYSIS = YES;
				CLANG_WARN_STRICT_PROTOTYPES = YES;
				CLANG_WARN_SUSPICIOUS_MOVE = YES;
				CLANG_WARN_UNGUARDED_AVAILABILITY = YES_AGGRESSIVE;
				CLANG_WARN_UNREACHABLE_CODE = YES;
				CLANG_WARN__DUPLICATE_METHOD_MATCH = YES;
				COPY_PHASE_STRIP = NO;
				DEBUG_INFORMATION_FORMAT = "dwarf-with-dsym";
				ENABLE_NS_ASSERTIONS = NO;
				ENABLE_STRICT_OBJC_MSGSEND = YES;
				GCC_C_LANGUAGE_STANDARD = gnu11;
				GCC_NO_COMMON_BLOCKS = YES;
				GCC_WARN_64_TO_32_BIT_CONVERSION = YES;
				GCC_WARN_ABOUT_RETURN_TYPE = YES_ERROR;
				GCC_WARN_UNDECLARED_SELECTOR = YES;
				GCC_WARN_UNINITIALIZED_AUTOS = YES_AGGRESSIVE;
				GCC_WARN_UNUSED_FUNCTION = YES;
				GCC_WARN_UNUSED_VARIABLE = YES;
				IPHONEOS_DEPLOYMENT_TARGET = 13.6;
				MTL_ENABLE_DEBUG_INFO = NO;
				MTL_FAST_MATH = YES;
				SDKROOT = iphoneos;
				SWIFT_COMPILATION_MODE = wholemodule;
				SWIFT_OPTIMIZATION_LEVEL = "-O";
				VALIDATE_PRODUCT = YES;
			};
			name = Release;
		};
		4C1A516B24CC1C45000C43BD /* Debug */ = {
			isa = XCBuildConfiguration;
			buildSettings = {
				ASSETCATALOG_COMPILER_APPICON_NAME = AppIcon;
				CODE_SIGN_STYLE = Automatic;
				DEVELOPMENT_ASSET_PATHS = "\"iRoll/Preview Content\"";
				DEVELOPMENT_TEAM = K5ZJLTFVCL;
				ENABLE_PREVIEWS = YES;
				INFOPLIST_FILE = iRoll/Info.plist;
				LD_RUNPATH_SEARCH_PATHS = (
					"$(inherited)",
					"@executable_path/Frameworks",
				);
				PRODUCT_BUNDLE_IDENTIFIER = oddmagnet.com.iRoll;
				PRODUCT_NAME = "$(TARGET_NAME)";
				SWIFT_VERSION = 5.0;
				TARGETED_DEVICE_FAMILY = "1,2";
			};
			name = Debug;
		};
		4C1A516C24CC1C45000C43BD /* Release */ = {
			isa = XCBuildConfiguration;
			buildSettings = {
				ASSETCATALOG_COMPILER_APPICON_NAME = AppIcon;
				CODE_SIGN_STYLE = Automatic;
				DEVELOPMENT_ASSET_PATHS = "\"iRoll/Preview Content\"";
				DEVELOPMENT_TEAM = K5ZJLTFVCL;
				ENABLE_PREVIEWS = YES;
				INFOPLIST_FILE = iRoll/Info.plist;
				LD_RUNPATH_SEARCH_PATHS = (
					"$(inherited)",
					"@executable_path/Frameworks",
				);
				PRODUCT_BUNDLE_IDENTIFIER = oddmagnet.com.iRoll;
				PRODUCT_NAME = "$(TARGET_NAME)";
				SWIFT_VERSION = 5.0;
				TARGETED_DEVICE_FAMILY = "1,2";
			};
			name = Release;
		};
/* End XCBuildConfiguration section */

/* Begin XCConfigurationList section */
		4C1A514E24CC1C44000C43BD /* Build configuration list for PBXProject "iRoll" */ = {
			isa = XCConfigurationList;
			buildConfigurations = (
				4C1A516824CC1C45000C43BD /* Debug */,
				4C1A516924CC1C45000C43BD /* Release */,
			);
			defaultConfigurationIsVisible = 0;
			defaultConfigurationName = Release;
		};
		4C1A516A24CC1C45000C43BD /* Build configuration list for PBXNativeTarget "iRoll" */ = {
			isa = XCConfigurationList;
			buildConfigurations = (
				4C1A516B24CC1C45000C43BD /* Debug */,
				4C1A516C24CC1C45000C43BD /* Release */,
			);
			defaultConfigurationIsVisible = 0;
			defaultConfigurationName = Release;
		};
/* End XCConfigurationList section */

/* Begin XCVersionGroup section */
		4C1A515A24CC1C44000C43BD /* iRoll.xcdatamodeld */ = {
			isa = XCVersionGroup;
			children = (
				4C1A515B24CC1C44000C43BD /* iRoll.xcdatamodel */,
			);
			currentVersion = 4C1A515B24CC1C44000C43BD /* iRoll.xcdatamodel */;
			path = iRoll.xcdatamodeld;
			sourceTree = "<group>";
			versionGroupType = wrapper.xcdatamodel;
		};
/* End XCVersionGroup section */
	};
	rootObject = 4C1A514B24CC1C44000C43BD /* Project object */;
}
