// !$*UTF8*$!
{
	archiveVersion = 1;
	classes = {
	};
	objectVersion = 50;
	objects = {

/* Begin PBXBuildFile section */
		4C40EB2E248E8B09000612ED /* AppDelegate.swift in Sources */ = {isa = PBXBuildFile; fileRef = 4C40EB2D248E8B09000612ED /* AppDelegate.swift */; };
		4C40EB30248E8B09000612ED /* SceneDelegate.swift in Sources */ = {isa = PBXBuildFile; fileRef = 4C40EB2F248E8B09000612ED /* SceneDelegate.swift */; };
		4C40EB32248E8B09000612ED /* ContentView.swift in Sources */ = {isa = PBXBuildFile; fileRef = 4C40EB31248E8B09000612ED /* ContentView.swift */; };
		4C40EB34248E8B0C000612ED /* Assets.xcassets in Resources */ = {isa = PBXBuildFile; fileRef = 4C40EB33248E8B0C000612ED /* Assets.xcassets */; };
		4C40EB37248E8B0C000612ED /* Preview Assets.xcassets in Resources */ = {isa = PBXBuildFile; fileRef = 4C40EB36248E8B0C000612ED /* Preview Assets.xcassets */; };
		4C40EB3A248E8B0C000612ED /* LaunchScreen.storyboard in Resources */ = {isa = PBXBuildFile; fileRef = 4C40EB38248E8B0C000612ED /* LaunchScreen.storyboard */; };
		4C7DD3DC248ECF990078AC9F /* SettingsView.swift in Sources */ = {isa = PBXBuildFile; fileRef = 4C7DD3DB248ECF990078AC9F /* SettingsView.swift */; };
		4C7DD3DE248ED0CE0078AC9F /* GameView.swift in Sources */ = {isa = PBXBuildFile; fileRef = 4C7DD3DD248ED0CE0078AC9F /* GameView.swift */; };
/* End PBXBuildFile section */

/* Begin PBXFileReference section */
		4C40EB2A248E8B09000612ED /* MathFun.app */ = {isa = PBXFileReference; explicitFileType = wrapper.application; includeInIndex = 0; path = MathFun.app; sourceTree = BUILT_PRODUCTS_DIR; };
		4C40EB2D248E8B09000612ED /* AppDelegate.swift */ = {isa = PBXFileReference; lastKnownFileType = sourcecode.swift; path = AppDelegate.swift; sourceTree = "<group>"; };
		4C40EB2F248E8B09000612ED /* SceneDelegate.swift */ = {isa = PBXFileReference; lastKnownFileType = sourcecode.swift; path = SceneDelegate.swift; sourceTree = "<group>"; };
		4C40EB31248E8B09000612ED /* ContentView.swift */ = {isa = PBXFileReference; lastKnownFileType = sourcecode.swift; path = ContentView.swift; sourceTree = "<group>"; };
		4C40EB33248E8B0C000612ED /* Assets.xcassets */ = {isa = PBXFileReference; lastKnownFileType = folder.assetcatalog; path = Assets.xcassets; sourceTree = "<group>"; };
		4C40EB36248E8B0C000612ED /* Preview Assets.xcassets */ = {isa = PBXFileReference; lastKnownFileType = folder.assetcatalog; path = "Preview Assets.xcassets"; sourceTree = "<group>"; };
		4C40EB39248E8B0C000612ED /* Base */ = {isa = PBXFileReference; lastKnownFileType = file.storyboard; name = Base; path = Base.lproj/LaunchScreen.storyboard; sourceTree = "<group>"; };
		4C40EB3B248E8B0C000612ED /* Info.plist */ = {isa = PBXFileReference; lastKnownFileType = text.plist.xml; path = Info.plist; sourceTree = "<group>"; };
		4C7DD3DB248ECF990078AC9F /* SettingsView.swift */ = {isa = PBXFileReference; lastKnownFileType = sourcecode.swift; path = SettingsView.swift; sourceTree = "<group>"; };
		4C7DD3DD248ED0CE0078AC9F /* GameView.swift */ = {isa = PBXFileReference; lastKnownFileType = sourcecode.swift; path = GameView.swift; sourceTree = "<group>"; };
/* End PBXFileReference section */

/* Begin PBXFrameworksBuildPhase section */
		4C40EB27248E8B09000612ED /* Frameworks */ = {
			isa = PBXFrameworksBuildPhase;
			buildActionMask = 2147483647;
			files = (
			);
			runOnlyForDeploymentPostprocessing = 0;
		};
/* End PBXFrameworksBuildPhase section */

/* Begin PBXGroup section */
		4C40EB21248E8B09000612ED = {
			isa = PBXGroup;
			children = (
				4C40EB2C248E8B09000612ED /* MathFun */,
				4C40EB2B248E8B09000612ED /* Products */,
			);
			sourceTree = "<group>";
		};
		4C40EB2B248E8B09000612ED /* Products */ = {
			isa = PBXGroup;
			children = (
				4C40EB2A248E8B09000612ED /* MathFun.app */,
			);
			name = Products;
			sourceTree = "<group>";
		};
		4C40EB2C248E8B09000612ED /* MathFun */ = {
			isa = PBXGroup;
			children = (
				4C40EB2D248E8B09000612ED /* AppDelegate.swift */,
				4C40EB2F248E8B09000612ED /* SceneDelegate.swift */,
				4C40EB31248E8B09000612ED /* ContentView.swift */,
				4C7DD3DD248ED0CE0078AC9F /* GameView.swift */,
				4C7DD3DB248ECF990078AC9F /* SettingsView.swift */,
				4C40EB33248E8B0C000612ED /* Assets.xcassets */,
				4C40EB38248E8B0C000612ED /* LaunchScreen.storyboard */,
				4C40EB3B248E8B0C000612ED /* Info.plist */,
				4C40EB35248E8B0C000612ED /* Preview Content */,
			);
			path = MathFun;
			sourceTree = "<group>";
		};
		4C40EB35248E8B0C000612ED /* Preview Content */ = {
			isa = PBXGroup;
			children = (
				4C40EB36248E8B0C000612ED /* Preview Assets.xcassets */,
			);
			path = "Preview Content";
			sourceTree = "<group>";
		};
/* End PBXGroup section */

/* Begin PBXNativeTarget section */
		4C40EB29248E8B09000612ED /* MathFun */ = {
			isa = PBXNativeTarget;
			buildConfigurationList = 4C40EB3E248E8B0C000612ED /* Build configuration list for PBXNativeTarget "MathFun" */;
			buildPhases = (
				4C40EB26248E8B09000612ED /* Sources */,
				4C40EB27248E8B09000612ED /* Frameworks */,
				4C40EB28248E8B09000612ED /* Resources */,
			);
			buildRules = (
			);
			dependencies = (
			);
			name = MathFun;
			productName = MathFun;
			productReference = 4C40EB2A248E8B09000612ED /* MathFun.app */;
			productType = "com.apple.product-type.application";
		};
/* End PBXNativeTarget section */

/* Begin PBXProject section */
		4C40EB22248E8B09000612ED /* Project object */ = {
			isa = PBXProject;
			attributes = {
				LastSwiftUpdateCheck = 1150;
				LastUpgradeCheck = 1150;
				ORGANIZATIONNAME = "Michael Brünen";
				TargetAttributes = {
					4C40EB29248E8B09000612ED = {
						CreatedOnToolsVersion = 11.5;
					};
				};
			};
			buildConfigurationList = 4C40EB25248E8B09000612ED /* Build configuration list for PBXProject "MathFun" */;
			compatibilityVersion = "Xcode 9.3";
			developmentRegion = en;
			hasScannedForEncodings = 0;
			knownRegions = (
				en,
				Base,
			);
			mainGroup = 4C40EB21248E8B09000612ED;
			productRefGroup = 4C40EB2B248E8B09000612ED /* Products */;
			projectDirPath = "";
			projectRoot = "";
			targets = (
				4C40EB29248E8B09000612ED /* MathFun */,
			);
		};
/* End PBXProject section */

/* Begin PBXResourcesBuildPhase section */
		4C40EB28248E8B09000612ED /* Resources */ = {
			isa = PBXResourcesBuildPhase;
			buildActionMask = 2147483647;
			files = (
				4C40EB3A248E8B0C000612ED /* LaunchScreen.storyboard in Resources */,
				4C40EB37248E8B0C000612ED /* Preview Assets.xcassets in Resources */,
				4C40EB34248E8B0C000612ED /* Assets.xcassets in Resources */,
			);
			runOnlyForDeploymentPostprocessing = 0;
		};
/* End PBXResourcesBuildPhase section */

/* Begin PBXSourcesBuildPhase section */
		4C40EB26248E8B09000612ED /* Sources */ = {
			isa = PBXSourcesBuildPhase;
			buildActionMask = 2147483647;
			files = (
				4C40EB2E248E8B09000612ED /* AppDelegate.swift in Sources */,
				4C7DD3DC248ECF990078AC9F /* SettingsView.swift in Sources */,
				4C40EB30248E8B09000612ED /* SceneDelegate.swift in Sources */,
				4C40EB32248E8B09000612ED /* ContentView.swift in Sources */,
				4C7DD3DE248ED0CE0078AC9F /* GameView.swift in Sources */,
			);
			runOnlyForDeploymentPostprocessing = 0;
		};
/* End PBXSourcesBuildPhase section */

/* Begin PBXVariantGroup section */
		4C40EB38248E8B0C000612ED /* LaunchScreen.storyboard */ = {
			isa = PBXVariantGroup;
			children = (
				4C40EB39248E8B0C000612ED /* Base */,
			);
			name = LaunchScreen.storyboard;
			sourceTree = "<group>";
		};
/* End PBXVariantGroup section */

/* Begin XCBuildConfiguration section */
		4C40EB3C248E8B0C000612ED /* Debug */ = {
			isa = XCBuildConfiguration;
			buildSettings = {
				ALWAYS_SEARCH_USER_PATHS = NO;
				CLANG_ANALYZER_NONNULL = YES;
				CLANG_ANALYZER_NUMBER_OBJECT_CONVERSION = YES_AGGRESSIVE;
				CLANG_CXX_LANGUAGE_STANDARD = "gnu++14";
				CLANG_CXX_LIBRARY = "libc++";
				CLANG_ENABLE_MODULES = YES;
				CLANG_ENABLE_OBJC_ARC = YES;
				CLANG_ENABLE_OBJC_WEAK = YES;
				CLANG_WARN_BLOCK_CAPTURE_AUTORELEASING = YES;
				CLANG_WARN_BOOL_CONVERSION = YES;
				CLANG_WARN_COMMA = YES;
				CLANG_WARN_CONSTANT_CONVERSION = YES;
				CLANG_WARN_DEPRECATED_OBJC_IMPLEMENTATIONS = YES;
				CLANG_WARN_DIRECT_OBJC_ISA_USAGE = YES_ERROR;
				CLANG_WARN_DOCUMENTATION_COMMENTS = YES;
				CLANG_WARN_EMPTY_BODY = YES;
				CLANG_WARN_ENUM_CONVERSION = YES;
				CLANG_WARN_INFINITE_RECURSION = YES;
				CLANG_WARN_INT_CONVERSION = YES;
				CLANG_WARN_NON_LITERAL_NULL_CONVERSION = YES;
				CLANG_WARN_OBJC_IMPLICIT_RETAIN_SELF = YES;
				CLANG_WARN_OBJC_LITERAL_CONVERSION = YES;
				CLANG_WARN_OBJC_ROOT_CLASS = YES_ERROR;
				CLANG_WARN_RANGE_LOOP_ANALYSIS = YES;
				CLANG_WARN_STRICT_PROTOTYPES = YES;
				CLANG_WARN_SUSPICIOUS_MOVE = YES;
				CLANG_WARN_UNGUARDED_AVAILABILITY = YES_AGGRESSIVE;
				CLANG_WARN_UNREACHABLE_CODE = YES;
				CLANG_WARN__DUPLICATE_METHOD_MATCH = YES;
				COPY_PHASE_STRIP = NO;
				DEBUG_INFORMATION_FORMAT = dwarf;
				ENABLE_STRICT_OBJC_MSGSEND = YES;
				ENABLE_TESTABILITY = YES;
				GCC_C_LANGUAGE_STANDARD = gnu11;
				GCC_DYNAMIC_NO_PIC = NO;
				GCC_NO_COMMON_BLOCKS = YES;
				GCC_OPTIMIZATION_LEVEL = 0;
				GCC_PREPROCESSOR_DEFINITIONS = (
					"DEBUG=1",
					"$(inherited)",
				);
				GCC_WARN_64_TO_32_BIT_CONVERSION = YES;
				GCC_WARN_ABOUT_RETURN_TYPE = YES_ERROR;
				GCC_WARN_UNDECLARED_SELECTOR = YES;
				GCC_WARN_UNINITIALIZED_AUTOS = YES_AGGRESSIVE;
				GCC_WARN_UNUSED_FUNCTION = YES;
				GCC_WARN_UNUSED_VARIABLE = YES;
				IPHONEOS_DEPLOYMENT_TARGET = 13.5;
				MTL_ENABLE_DEBUG_INFO = INCLUDE_SOURCE;
				MTL_FAST_MATH = YES;
				ONLY_ACTIVE_ARCH = YES;
				SDKROOT = iphoneos;
				SWIFT_ACTIVE_COMPILATION_CONDITIONS = DEBUG;
				SWIFT_OPTIMIZATION_LEVEL = "-Onone";
			};
			name = Debug;
		};
		4C40EB3D248E8B0C000612ED /* Release */ = {
			isa = XCBuildConfiguration;
			buildSettings = {
				ALWAYS_SEARCH_USER_PATHS = NO;
				CLANG_ANALYZER_NONNULL = YES;
				CLANG_ANALYZER_NUMBER_OBJECT_CONVERSION = YES_AGGRESSIVE;
				CLANG_CXX_LANGUAGE_STANDARD = "gnu++14";
				CLANG_CXX_LIBRARY = "libc++";
				CLANG_ENABLE_MODULES = YES;
				CLANG_ENABLE_OBJC_ARC = YES;
				CLANG_ENABLE_OBJC_WEAK = YES;
				CLANG_WARN_BLOCK_CAPTURE_AUTORELEASING = YES;
				CLANG_WARN_BOOL_CONVERSION = YES;
				CLANG_WARN_COMMA = YES;
				CLANG_WARN_CONSTANT_CONVERSION = YES;
				CLANG_WARN_DEPRECATED_OBJC_IMPLEMENTATIONS = YES;
				CLANG_WARN_DIRECT_OBJC_ISA_USAGE = YES_ERROR;
				CLANG_WARN_DOCUMENTATION_COMMENTS = YES;
				CLANG_WARN_EMPTY_BODY = YES;
				CLANG_WARN_ENUM_CONVERSION = YES;
				CLANG_WARN_INFINITE_RECURSION = YES;
				CLANG_WARN_INT_CONVERSION = YES;
				CLANG_WARN_NON_LITERAL_NULL_CONVERSION = YES;
				CLANG_WARN_OBJC_IMPLICIT_RETAIN_SELF = YES;
				CLANG_WARN_OBJC_LITERAL_CONVERSION = YES;
				CLANG_WARN_OBJC_ROOT_CLASS = YES_ERROR;
				CLANG_WARN_RANGE_LOOP_ANALYSIS = YES;
				CLANG_WARN_STRICT_PROTOTYPES = YES;
				CLANG_WARN_SUSPICIOUS_MOVE = YES;
				CLANG_WARN_UNGUARDED_AVAILABILITY = YES_AGGRESSIVE;
				CLANG_WARN_UNREACHABLE_CODE = YES;
				CLANG_WARN__DUPLICATE_METHOD_MATCH = YES;
				COPY_PHASE_STRIP = NO;
				DEBUG_INFORMATION_FORMAT = "dwarf-with-dsym";
				ENABLE_NS_ASSERTIONS = NO;
				ENABLE_STRICT_OBJC_MSGSEND = YES;
				GCC_C_LANGUAGE_STANDARD = gnu11;
				GCC_NO_COMMON_BLOCKS = YES;
				GCC_WARN_64_TO_32_BIT_CONVERSION = YES;
				GCC_WARN_ABOUT_RETURN_TYPE = YES_ERROR;
				GCC_WARN_UNDECLARED_SELECTOR = YES;
				GCC_WARN_UNINITIALIZED_AUTOS = YES_AGGRESSIVE;
				GCC_WARN_UNUSED_FUNCTION = YES;
				GCC_WARN_UNUSED_VARIABLE = YES;
				IPHONEOS_DEPLOYMENT_TARGET = 13.5;
				MTL_ENABLE_DEBUG_INFO = NO;
				MTL_FAST_MATH = YES;
				SDKROOT = iphoneos;
				SWIFT_COMPILATION_MODE = wholemodule;
				SWIFT_OPTIMIZATION_LEVEL = "-O";
				VALIDATE_PRODUCT = YES;
			};
			name = Release;
		};
		4C40EB3F248E8B0C000612ED /* Debug */ = {
			isa = XCBuildConfiguration;
			buildSettings = {
				ASSETCATALOG_COMPILER_APPICON_NAME = AppIcon;
				CODE_SIGN_STYLE = Automatic;
				DEVELOPMENT_ASSET_PATHS = "\"MathFun/Preview Content\"";
				ENABLE_PREVIEWS = YES;
				INFOPLIST_FILE = MathFun/Info.plist;
				LD_RUNPATH_SEARCH_PATHS = (
					"$(inherited)",
					"@executable_path/Frameworks",
				);
				PRODUCT_BUNDLE_IDENTIFIER = oddmagnet.com.MathFun;
				PRODUCT_NAME = "$(TARGET_NAME)";
				SWIFT_VERSION = 5.0;
				TARGETED_DEVICE_FAMILY = "1,2";
			};
			name = Debug;
		};
		4C40EB40248E8B0C000612ED /* Release */ = {
			isa = XCBuildConfiguration;
			buildSettings = {
				ASSETCATALOG_COMPILER_APPICON_NAME = AppIcon;
				CODE_SIGN_STYLE = Automatic;
				DEVELOPMENT_ASSET_PATHS = "\"MathFun/Preview Content\"";
				ENABLE_PREVIEWS = YES;
				INFOPLIST_FILE = MathFun/Info.plist;
				LD_RUNPATH_SEARCH_PATHS = (
					"$(inherited)",
					"@executable_path/Frameworks",
				);
				PRODUCT_BUNDLE_IDENTIFIER = oddmagnet.com.MathFun;
				PRODUCT_NAME = "$(TARGET_NAME)";
				SWIFT_VERSION = 5.0;
				TARGETED_DEVICE_FAMILY = "1,2";
			};
			name = Release;
		};
/* End XCBuildConfiguration section */

/* Begin XCConfigurationList section */
		4C40EB25248E8B09000612ED /* Build configuration list for PBXProject "MathFun" */ = {
			isa = XCConfigurationList;
			buildConfigurations = (
				4C40EB3C248E8B0C000612ED /* Debug */,
				4C40EB3D248E8B0C000612ED /* Release */,
			);
			defaultConfigurationIsVisible = 0;
			defaultConfigurationName = Release;
		};
		4C40EB3E248E8B0C000612ED /* Build configuration list for PBXNativeTarget "MathFun" */ = {
			isa = XCConfigurationList;
			buildConfigurations = (
				4C40EB3F248E8B0C000612ED /* Debug */,
				4C40EB40248E8B0C000612ED /* Release */,
			);
			defaultConfigurationIsVisible = 0;
			defaultConfigurationName = Release;
		};
/* End XCConfigurationList section */
	};
	rootObject = 4C40EB22248E8B09000612ED /* Project object */;
}
